// !$*UTF8*$!
{
	archiveVersion = 1;
	classes = {
	};
	objectVersion = 48;
	objects = {

/* Begin PBXBuildFile section */
		97222C08C3A61908DFF98CEA /* Pods_WeatherForecaster.framework in Frameworks */ = {isa = PBXBuildFile; fileRef = D6A5A20CB0584F121904EE4F /* Pods_WeatherForecaster.framework */; };
		9C39C9382065794B0036BD9E /* AppDelegate.m in Sources */ = {isa = PBXBuildFile; fileRef = 9C39C9372065794B0036BD9E /* AppDelegate.m */; };
		9C39C93A2065794B0036BD9E /* WeatherForecaster-Prefix.pch in Resources */ = {isa = PBXBuildFile; fileRef = 9C39C9392065794B0036BD9E /* WeatherForecaster-Prefix.pch */; };
		9C39C93C2065794B0036BD9E /* Assets.xcassets in Resources */ = {isa = PBXBuildFile; fileRef = 9C39C93B2065794B0036BD9E /* Assets.xcassets */; };
		9C39C93F2065794B0036BD9E /* LaunchScreen.storyboard in Resources */ = {isa = PBXBuildFile; fileRef = 9C39C93D2065794B0036BD9E /* LaunchScreen.storyboard */; };
		9C39C9422065794B0036BD9E /* main.m in Sources */ = {isa = PBXBuildFile; fileRef = 9C39C9412065794B0036BD9E /* main.m */; };
		9C4B7426206798B300CC28C1 /* ECTWeeklyForecastTVC.m in Sources */ = {isa = PBXBuildFile; fileRef = 9C4B7425206798B300CC28C1 /* ECTWeeklyForecastTVC.m */; };
		9C4B742E20679BA000CC28C1 /* Reachability.m in Sources */ = {isa = PBXBuildFile; fileRef = 9C4B742D20679BA000CC28C1 /* Reachability.m */; };
		9C4B743620679C1500CC28C1 /* ECTReachabilityManager.m in Sources */ = {isa = PBXBuildFile; fileRef = 9C4B743520679C1500CC28C1 /* ECTReachabilityManager.m */; };
		9C4B74502067A28000CC28C1 /* ECTHTTPClientManager.m in Sources */ = {isa = PBXBuildFile; fileRef = 9C4B744F2067A28000CC28C1 /* ECTHTTPClientManager.m */; };
		9C4B74532067A3FB00CC28C1 /* ECTAppConstants.m in Sources */ = {isa = PBXBuildFile; fileRef = 9C4B74522067A3FB00CC28C1 /* ECTAppConstants.m */; };
		9C4B74562067A40900CC28C1 /* ECTUtilityMethods.m in Sources */ = {isa = PBXBuildFile; fileRef = 9C4B74552067A40900CC28C1 /* ECTUtilityMethods.m */; };
		9C4B745A2067A74400CC28C1 /* ECTForecasterStore.m in Sources */ = {isa = PBXBuildFile; fileRef = 9C4B74592067A74400CC28C1 /* ECTForecasterStore.m */; };
		9C4B74602067B1B600CC28C1 /* ECTWeather.m in Sources */ = {isa = PBXBuildFile; fileRef = 9C4B745F2067B1B600CC28C1 /* ECTWeather.m */; };
		9C4B74662067B22700CC28C1 /* ECTForecastData.m in Sources */ = {isa = PBXBuildFile; fileRef = 9C4B74652067B22700CC28C1 /* ECTForecastData.m */; };
		9C4B746C2067ECAB00CC28C1 /* ECTForecast.m in Sources */ = {isa = PBXBuildFile; fileRef = 9C4B746B2067ECAB00CC28C1 /* ECTForecast.m */; };
		9C4B748420680D4400CC28C1 /* ECTWeeklyForecastCell.m in Sources */ = {isa = PBXBuildFile; fileRef = 9C4B748320680D4400CC28C1 /* ECTWeeklyForecastCell.m */; };
		9C4B74862069466000CC28C1 /* CoreData.framework in Frameworks */ = {isa = PBXBuildFile; fileRef = 9C4B74852069466000CC28C1 /* CoreData.framework */; };
		9C4B74902069B90100CC28C1 /* ECTArchiveWeather.m in Sources */ = {isa = PBXBuildFile; fileRef = 9C4B748F2069B90100CC28C1 /* ECTArchiveWeather.m */; };
		9C4B74932069BAA900CC28C1 /* ECTWeatherArchiveStore.m in Sources */ = {isa = PBXBuildFile; fileRef = 9C4B74922069BAA900CC28C1 /* ECTWeatherArchiveStore.m */; };
		9CDF4EF1206ACD02008887DB /* ECTDailyForecastCell.m in Sources */ = {isa = PBXBuildFile; fileRef = 9CDF4EEF206ACD02008887DB /* ECTDailyForecastCell.m */; };
		9CDF4EF2206ACD02008887DB /* ECTDailyForecastCell.xib in Resources */ = {isa = PBXBuildFile; fileRef = 9CDF4EF0206ACD02008887DB /* ECTDailyForecastCell.xib */; };
		9CDF4EF8206ACEC8008887DB /* ECTDailyForecastTVC.m in Sources */ = {isa = PBXBuildFile; fileRef = 9CDF4EF7206ACEC8008887DB /* ECTDailyForecastTVC.m */; };
/* End PBXBuildFile section */

/* Begin PBXFileReference section */
		34227352BA40A5B7256770E1 /* Pods-WeatherForecaster.release.xcconfig */ = {isa = PBXFileReference; includeInIndex = 1; lastKnownFileType = text.xcconfig; name = "Pods-WeatherForecaster.release.xcconfig"; path = "Pods/Target Support Files/Pods-WeatherForecaster/Pods-WeatherForecaster.release.xcconfig"; sourceTree = "<group>"; };
		6FB98A3D77FDDFB393E522BF /* Pods-WeatherForecaster.debug.xcconfig */ = {isa = PBXFileReference; includeInIndex = 1; lastKnownFileType = text.xcconfig; name = "Pods-WeatherForecaster.debug.xcconfig"; path = "Pods/Target Support Files/Pods-WeatherForecaster/Pods-WeatherForecaster.debug.xcconfig"; sourceTree = "<group>"; };
		9C39C9332065794B0036BD9E /* WeatherForecaster.app */ = {isa = PBXFileReference; explicitFileType = wrapper.application; includeInIndex = 0; path = WeatherForecaster.app; sourceTree = BUILT_PRODUCTS_DIR; };
		9C39C9362065794B0036BD9E /* AppDelegate.h */ = {isa = PBXFileReference; lastKnownFileType = sourcecode.c.h; path = AppDelegate.h; sourceTree = "<group>"; };
		9C39C9372065794B0036BD9E /* AppDelegate.m */ = {isa = PBXFileReference; lastKnownFileType = sourcecode.c.objc; path = AppDelegate.m; sourceTree = "<group>"; };
		9C39C9392065794B0036BD9E /* WeatherForecaster-Prefix.pch */ = {isa = PBXFileReference; lastKnownFileType = sourcecode.c.h; path = "WeatherForecaster-Prefix.pch"; sourceTree = "<group>"; };
		9C39C93B2065794B0036BD9E /* Assets.xcassets */ = {isa = PBXFileReference; lastKnownFileType = folder.assetcatalog; path = Assets.xcassets; sourceTree = "<group>"; };
		9C39C93E2065794B0036BD9E /* Base */ = {isa = PBXFileReference; lastKnownFileType = file.storyboard; name = Base; path = Base.lproj/LaunchScreen.storyboard; sourceTree = "<group>"; };
		9C39C9402065794B0036BD9E /* Info.plist */ = {isa = PBXFileReference; lastKnownFileType = text.plist.xml; path = Info.plist; sourceTree = "<group>"; };
		9C39C9412065794B0036BD9E /* main.m */ = {isa = PBXFileReference; lastKnownFileType = sourcecode.c.objc; path = main.m; sourceTree = "<group>"; };
		9C4B7424206798B300CC28C1 /* ECTWeeklyForecastTVC.h */ = {isa = PBXFileReference; lastKnownFileType = sourcecode.c.h; path = ECTWeeklyForecastTVC.h; sourceTree = "<group>"; };
		9C4B7425206798B300CC28C1 /* ECTWeeklyForecastTVC.m */ = {isa = PBXFileReference; lastKnownFileType = sourcecode.c.objc; path = ECTWeeklyForecastTVC.m; sourceTree = "<group>"; };
		9C4B742C20679BA000CC28C1 /* Reachability.h */ = {isa = PBXFileReference; fileEncoding = 4; lastKnownFileType = sourcecode.c.h; path = Reachability.h; sourceTree = "<group>"; };
		9C4B742D20679BA000CC28C1 /* Reachability.m */ = {isa = PBXFileReference; fileEncoding = 4; lastKnownFileType = sourcecode.c.objc; path = Reachability.m; sourceTree = "<group>"; };
		9C4B743420679C1500CC28C1 /* ECTReachabilityManager.h */ = {isa = PBXFileReference; lastKnownFileType = sourcecode.c.h; path = ECTReachabilityManager.h; sourceTree = "<group>"; };
		9C4B743520679C1500CC28C1 /* ECTReachabilityManager.m */ = {isa = PBXFileReference; lastKnownFileType = sourcecode.c.objc; path = ECTReachabilityManager.m; sourceTree = "<group>"; };
		9C4B744E2067A28000CC28C1 /* ECTHTTPClientManager.h */ = {isa = PBXFileReference; lastKnownFileType = sourcecode.c.h; path = ECTHTTPClientManager.h; sourceTree = "<group>"; };
		9C4B744F2067A28000CC28C1 /* ECTHTTPClientManager.m */ = {isa = PBXFileReference; lastKnownFileType = sourcecode.c.objc; path = ECTHTTPClientManager.m; sourceTree = "<group>"; };
		9C4B74512067A3FB00CC28C1 /* ECTAppConstants.h */ = {isa = PBXFileReference; lastKnownFileType = sourcecode.c.h; path = ECTAppConstants.h; sourceTree = "<group>"; };
		9C4B74522067A3FB00CC28C1 /* ECTAppConstants.m */ = {isa = PBXFileReference; lastKnownFileType = sourcecode.c.objc; path = ECTAppConstants.m; sourceTree = "<group>"; };
		9C4B74542067A40900CC28C1 /* ECTUtilityMethods.h */ = {isa = PBXFileReference; lastKnownFileType = sourcecode.c.h; path = ECTUtilityMethods.h; sourceTree = "<group>"; };
		9C4B74552067A40900CC28C1 /* ECTUtilityMethods.m */ = {isa = PBXFileReference; lastKnownFileType = sourcecode.c.objc; path = ECTUtilityMethods.m; sourceTree = "<group>"; };
		9C4B74582067A74400CC28C1 /* ECTForecasterStore.h */ = {isa = PBXFileReference; lastKnownFileType = sourcecode.c.h; path = ECTForecasterStore.h; sourceTree = "<group>"; };
		9C4B74592067A74400CC28C1 /* ECTForecasterStore.m */ = {isa = PBXFileReference; lastKnownFileType = sourcecode.c.objc; path = ECTForecasterStore.m; sourceTree = "<group>"; };
		9C4B745E2067B1B600CC28C1 /* ECTWeather.h */ = {isa = PBXFileReference; lastKnownFileType = sourcecode.c.h; path = ECTWeather.h; sourceTree = "<group>"; };
		9C4B745F2067B1B600CC28C1 /* ECTWeather.m */ = {isa = PBXFileReference; lastKnownFileType = sourcecode.c.objc; path = ECTWeather.m; sourceTree = "<group>"; };
		9C4B74642067B22700CC28C1 /* ECTForecastData.h */ = {isa = PBXFileReference; lastKnownFileType = sourcecode.c.h; path = ECTForecastData.h; sourceTree = "<group>"; };
		9C4B74652067B22700CC28C1 /* ECTForecastData.m */ = {isa = PBXFileReference; lastKnownFileType = sourcecode.c.objc; path = ECTForecastData.m; sourceTree = "<group>"; };
		9C4B746A2067ECAB00CC28C1 /* ECTForecast.h */ = {isa = PBXFileReference; lastKnownFileType = sourcecode.c.h; path = ECTForecast.h; sourceTree = "<group>"; };
		9C4B746B2067ECAB00CC28C1 /* ECTForecast.m */ = {isa = PBXFileReference; lastKnownFileType = sourcecode.c.objc; path = ECTForecast.m; sourceTree = "<group>"; };
		9C4B748220680D4400CC28C1 /* ECTWeeklyForecastCell.h */ = {isa = PBXFileReference; lastKnownFileType = sourcecode.c.h; path = ECTWeeklyForecastCell.h; sourceTree = "<group>"; };
		9C4B748320680D4400CC28C1 /* ECTWeeklyForecastCell.m */ = {isa = PBXFileReference; lastKnownFileType = sourcecode.c.objc; path = ECTWeeklyForecastCell.m; sourceTree = "<group>"; };
		9C4B74852069466000CC28C1 /* CoreData.framework */ = {isa = PBXFileReference; lastKnownFileType = wrapper.framework; name = CoreData.framework; path = System/Library/Frameworks/CoreData.framework; sourceTree = SDKROOT; };
		9C4B748A20697AB200CC28C1 /* WeatherForecaster.entitlements */ = {isa = PBXFileReference; lastKnownFileType = text.plist.entitlements; path = WeatherForecaster.entitlements; sourceTree = "<group>"; };
		9C4B748E2069B90100CC28C1 /* ECTArchiveWeather.h */ = {isa = PBXFileReference; lastKnownFileType = sourcecode.c.h; path = ECTArchiveWeather.h; sourceTree = "<group>"; };
		9C4B748F2069B90100CC28C1 /* ECTArchiveWeather.m */ = {isa = PBXFileReference; lastKnownFileType = sourcecode.c.objc; path = ECTArchiveWeather.m; sourceTree = "<group>"; };
		9C4B74912069BAA900CC28C1 /* ECTWeatherArchiveStore.h */ = {isa = PBXFileReference; lastKnownFileType = sourcecode.c.h; path = ECTWeatherArchiveStore.h; sourceTree = "<group>"; };
		9C4B74922069BAA900CC28C1 /* ECTWeatherArchiveStore.m */ = {isa = PBXFileReference; lastKnownFileType = sourcecode.c.objc; path = ECTWeatherArchiveStore.m; sourceTree = "<group>"; };
		9CDF4EEE206ACD02008887DB /* ECTDailyForecastCell.h */ = {isa = PBXFileReference; lastKnownFileType = sourcecode.c.h; path = ECTDailyForecastCell.h; sourceTree = "<group>"; };
		9CDF4EEF206ACD02008887DB /* ECTDailyForecastCell.m */ = {isa = PBXFileReference; lastKnownFileType = sourcecode.c.objc; path = ECTDailyForecastCell.m; sourceTree = "<group>"; };
		9CDF4EF0206ACD02008887DB /* ECTDailyForecastCell.xib */ = {isa = PBXFileReference; lastKnownFileType = file.xib; path = ECTDailyForecastCell.xib; sourceTree = "<group>"; };
		9CDF4EF6206ACEC8008887DB /* ECTDailyForecastTVC.h */ = {isa = PBXFileReference; lastKnownFileType = sourcecode.c.h; path = ECTDailyForecastTVC.h; sourceTree = "<group>"; };
		9CDF4EF7206ACEC8008887DB /* ECTDailyForecastTVC.m */ = {isa = PBXFileReference; lastKnownFileType = sourcecode.c.objc; path = ECTDailyForecastTVC.m; sourceTree = "<group>"; };
		D6A5A20CB0584F121904EE4F /* Pods_WeatherForecaster.framework */ = {isa = PBXFileReference; explicitFileType = wrapper.framework; includeInIndex = 0; path = Pods_WeatherForecaster.framework; sourceTree = BUILT_PRODUCTS_DIR; };
/* End PBXFileReference section */

/* Begin PBXFrameworksBuildPhase section */
		9C39C9302065794B0036BD9E /* Frameworks */ = {
			isa = PBXFrameworksBuildPhase;
			buildActionMask = 2147483647;
			files = (
				9C4B74862069466000CC28C1 /* CoreData.framework in Frameworks */,
				97222C08C3A61908DFF98CEA /* Pods_WeatherForecaster.framework in Frameworks */,
			);
			runOnlyForDeploymentPostprocessing = 0;
		};
/* End PBXFrameworksBuildPhase section */

/* Begin PBXGroup section */
		6850175D40CCC6E25495BF2A /* Frameworks */ = {
			isa = PBXGroup;
			children = (
				9C4B74852069466000CC28C1 /* CoreData.framework */,
				D6A5A20CB0584F121904EE4F /* Pods_WeatherForecaster.framework */,
			);
			name = Frameworks;
			sourceTree = "<group>";
		};
		9C39C92A2065794B0036BD9E = {
			isa = PBXGroup;
			children = (
				9C4B741E2067961000CC28C1 /* Networking */,
				9C4B74572067A70500CC28C1 /* Store */,
				9C4B741C206795EC00CC28C1 /* Model */,
				9C4B741D2067960100CC28C1 /* ViewControllers */,
				9C4B741F2067966E00CC28C1 /* Helper */,
				9C39C9352065794B0036BD9E /* WeatherForecaster */,
				9C39C9342065794B0036BD9E /* Products */,
				C818516E5A30C808EC3EE53A /* Pods */,
				6850175D40CCC6E25495BF2A /* Frameworks */,
			);
			sourceTree = "<group>";
		};
		9C39C9342065794B0036BD9E /* Products */ = {
			isa = PBXGroup;
			children = (
				9C39C9332065794B0036BD9E /* WeatherForecaster.app */,
			);
			name = Products;
			sourceTree = "<group>";
		};
		9C39C9352065794B0036BD9E /* WeatherForecaster */ = {
			isa = PBXGroup;
			children = (
				9C4B748A20697AB200CC28C1 /* WeatherForecaster.entitlements */,
				9C39C9362065794B0036BD9E /* AppDelegate.h */,
				9C39C9372065794B0036BD9E /* AppDelegate.m */,
				9C39C9392065794B0036BD9E /* WeatherForecaster-Prefix.pch */,
				9C39C93B2065794B0036BD9E /* Assets.xcassets */,
				9C39C93D2065794B0036BD9E /* LaunchScreen.storyboard */,
				9C39C9402065794B0036BD9E /* Info.plist */,
				9C39C9412065794B0036BD9E /* main.m */,
			);
			path = WeatherForecaster;
			sourceTree = "<group>";
		};
		9C4B741C206795EC00CC28C1 /* Model */ = {
			isa = PBXGroup;
			children = (
				9C4B745E2067B1B600CC28C1 /* ECTWeather.h */,
				9C4B745F2067B1B600CC28C1 /* ECTWeather.m */,
				9C4B746A2067ECAB00CC28C1 /* ECTForecast.h */,
				9C4B746B2067ECAB00CC28C1 /* ECTForecast.m */,
				9C4B74642067B22700CC28C1 /* ECTForecastData.h */,
				9C4B74652067B22700CC28C1 /* ECTForecastData.m */,
				9C4B748E2069B90100CC28C1 /* ECTArchiveWeather.h */,
				9C4B748F2069B90100CC28C1 /* ECTArchiveWeather.m */,
			);
			path = Model;
			sourceTree = "<group>";
		};
		9C4B741D2067960100CC28C1 /* ViewControllers */ = {
			isa = PBXGroup;
			children = (
				9C4B7424206798B300CC28C1 /* ECTWeeklyForecastTVC.h */,
				9C4B7425206798B300CC28C1 /* ECTWeeklyForecastTVC.m */,
				9CDF4EF6206ACEC8008887DB /* ECTDailyForecastTVC.h */,
				9CDF4EF7206ACEC8008887DB /* ECTDailyForecastTVC.m */,
				9C4B7423206797F800CC28C1 /* Custom Cells */,
			);
			path = ViewControllers;
			sourceTree = "<group>";
		};
		9C4B741E2067961000CC28C1 /* Networking */ = {
			isa = PBXGroup;
			children = (
				9C4B743420679C1500CC28C1 /* ECTReachabilityManager.h */,
				9C4B743520679C1500CC28C1 /* ECTReachabilityManager.m */,
				9C4B744E2067A28000CC28C1 /* ECTHTTPClientManager.h */,
				9C4B744F2067A28000CC28C1 /* ECTHTTPClientManager.m */,
			);
			path = Networking;
			sourceTree = "<group>";
		};
		9C4B741F2067966E00CC28C1 /* Helper */ = {
			isa = PBXGroup;
			children = (
				9C4B743020679BB400CC28C1 /* Reachability */,
				9C4B74512067A3FB00CC28C1 /* ECTAppConstants.h */,
				9C4B74522067A3FB00CC28C1 /* ECTAppConstants.m */,
				9C4B74542067A40900CC28C1 /* ECTUtilityMethods.h */,
				9C4B74552067A40900CC28C1 /* ECTUtilityMethods.m */,
			);
			path = Helper;
			sourceTree = "<group>";
		};
		9C4B7423206797F800CC28C1 /* Custom Cells */ = {
			isa = PBXGroup;
			children = (
				9C4B748220680D4400CC28C1 /* ECTWeeklyForecastCell.h */,
				9C4B748320680D4400CC28C1 /* ECTWeeklyForecastCell.m */,
				9CDF4EEE206ACD02008887DB /* ECTDailyForecastCell.h */,
				9CDF4EEF206ACD02008887DB /* ECTDailyForecastCell.m */,
				9CDF4EF0206ACD02008887DB /* ECTDailyForecastCell.xib */,
			);
			path = "Custom Cells";
			sourceTree = "<group>";
		};
		9C4B743020679BB400CC28C1 /* Reachability */ = {
			isa = PBXGroup;
			children = (
				9C4B742C20679BA000CC28C1 /* Reachability.h */,
				9C4B742D20679BA000CC28C1 /* Reachability.m */,
			);
			path = Reachability;
			sourceTree = "<group>";
		};
		9C4B74572067A70500CC28C1 /* Store */ = {
			isa = PBXGroup;
			children = (
				9C4B74582067A74400CC28C1 /* ECTForecasterStore.h */,
				9C4B74592067A74400CC28C1 /* ECTForecasterStore.m */,
				9C4B74912069BAA900CC28C1 /* ECTWeatherArchiveStore.h */,
				9C4B74922069BAA900CC28C1 /* ECTWeatherArchiveStore.m */,
			);
			path = Store;
			sourceTree = "<group>";
		};
		C818516E5A30C808EC3EE53A /* Pods */ = {
			isa = PBXGroup;
			children = (
				6FB98A3D77FDDFB393E522BF /* Pods-WeatherForecaster.debug.xcconfig */,
				34227352BA40A5B7256770E1 /* Pods-WeatherForecaster.release.xcconfig */,
			);
			name = Pods;
			sourceTree = "<group>";
		};
/* End PBXGroup section */

/* Begin PBXNativeTarget section */
		9C39C9322065794B0036BD9E /* WeatherForecaster */ = {
			isa = PBXNativeTarget;
			buildConfigurationList = 9C39C9452065794B0036BD9E /* Build configuration list for PBXNativeTarget "WeatherForecaster" */;
			buildPhases = (
				C568CDC3E2E1427E848D3A3F /* [CP] Check Pods Manifest.lock */,
				9C39C92F2065794B0036BD9E /* Sources */,
				9C39C9302065794B0036BD9E /* Frameworks */,
				9C39C9312065794B0036BD9E /* Resources */,
				EB838D9F12F77AB637C508DE /* [CP] Embed Pods Frameworks */,
				CDD195E3DD0F5AD5B68C47CD /* [CP] Copy Pods Resources */,
			);
			buildRules = (
			);
			dependencies = (
			);
			name = WeatherForecaster;
			productName = WeatherForecaster;
			productReference = 9C39C9332065794B0036BD9E /* WeatherForecaster.app */;
			productType = "com.apple.product-type.application";
		};
/* End PBXNativeTarget section */

/* Begin PBXProject section */
		9C39C92B2065794B0036BD9E /* Project object */ = {
			isa = PBXProject;
			attributes = {
				LastUpgradeCheck = 0920;
				ORGANIZATIONNAME = danieleferemo;
				TargetAttributes = {
					9C39C9322065794B0036BD9E = {
						CreatedOnToolsVersion = 9.2;
						ProvisioningStyle = Automatic;
						SystemCapabilities = {
							com.apple.BackgroundModes = {
								enabled = 1;
							};
							com.apple.Push = {
								enabled = 1;
							};
						};
					};
				};
			};
			buildConfigurationList = 9C39C92E2065794B0036BD9E /* Build configuration list for PBXProject "WeatherForecaster" */;
			compatibilityVersion = "Xcode 8.0";
			developmentRegion = en;
			hasScannedForEncodings = 0;
			knownRegions = (
				en,
				Base,
			);
			mainGroup = 9C39C92A2065794B0036BD9E;
			productRefGroup = 9C39C9342065794B0036BD9E /* Products */;
			projectDirPath = "";
			projectRoot = "";
			targets = (
				9C39C9322065794B0036BD9E /* WeatherForecaster */,
			);
		};
/* End PBXProject section */

/* Begin PBXResourcesBuildPhase section */
		9C39C9312065794B0036BD9E /* Resources */ = {
			isa = PBXResourcesBuildPhase;
			buildActionMask = 2147483647;
			files = (
				9C39C93F2065794B0036BD9E /* LaunchScreen.storyboard in Resources */,
				9C39C93C2065794B0036BD9E /* Assets.xcassets in Resources */,
				9C39C93A2065794B0036BD9E /* WeatherForecaster-Prefix.pch in Resources */,
				9CDF4EF2206ACD02008887DB /* ECTDailyForecastCell.xib in Resources */,
			);
			runOnlyForDeploymentPostprocessing = 0;
		};
/* End PBXResourcesBuildPhase section */

/* Begin PBXShellScriptBuildPhase section */
		C568CDC3E2E1427E848D3A3F /* [CP] Check Pods Manifest.lock */ = {
			isa = PBXShellScriptBuildPhase;
			buildActionMask = 2147483647;
			files = (
			);
			inputPaths = (
				"${PODS_PODFILE_DIR_PATH}/Podfile.lock",
				"${PODS_ROOT}/Manifest.lock",
			);
			name = "[CP] Check Pods Manifest.lock";
			outputPaths = (
				"$(DERIVED_FILE_DIR)/Pods-WeatherForecaster-checkManifestLockResult.txt",
			);
			runOnlyForDeploymentPostprocessing = 0;
			shellPath = /bin/sh;
			shellScript = "diff \"${PODS_PODFILE_DIR_PATH}/Podfile.lock\" \"${PODS_ROOT}/Manifest.lock\" > /dev/null\nif [ $? != 0 ] ; then\n    # print error to STDERR\n    echo \"error: The sandbox is not in sync with the Podfile.lock. Run 'pod install' or update your CocoaPods installation.\" >&2\n    exit 1\nfi\n# This output is used by Xcode 'outputs' to avoid re-running this script phase.\necho \"SUCCESS\" > \"${SCRIPT_OUTPUT_FILE_0}\"\n";
			showEnvVarsInLog = 0;
		};
		CDD195E3DD0F5AD5B68C47CD /* [CP] Copy Pods Resources */ = {
			isa = PBXShellScriptBuildPhase;
			buildActionMask = 2147483647;
			files = (
			);
			inputPaths = (
			);
			name = "[CP] Copy Pods Resources";
			outputPaths = (
			);
			runOnlyForDeploymentPostprocessing = 0;
			shellPath = /bin/sh;
			shellScript = "\"${SRCROOT}/Pods/Target Support Files/Pods-WeatherForecaster/Pods-WeatherForecaster-resources.sh\"\n";
			showEnvVarsInLog = 0;
		};
		EB838D9F12F77AB637C508DE /* [CP] Embed Pods Frameworks */ = {
			isa = PBXShellScriptBuildPhase;
			buildActionMask = 2147483647;
			files = (
			);
			inputPaths = (
				"${SRCROOT}/Pods/Target Support Files/Pods-WeatherForecaster/Pods-WeatherForecaster-frameworks.sh",
				"${BUILT_PRODUCTS_DIR}/JSONModel/JSONModel.framework",
			);
			name = "[CP] Embed Pods Frameworks";
			outputPaths = (
				"${TARGET_BUILD_DIR}/${FRAMEWORKS_FOLDER_PATH}/JSONModel.framework",
			);
			runOnlyForDeploymentPostprocessing = 0;
			shellPath = /bin/sh;
			shellScript = "\"${SRCROOT}/Pods/Target Support Files/Pods-WeatherForecaster/Pods-WeatherForecaster-frameworks.sh\"\n";
			showEnvVarsInLog = 0;
		};
/* End PBXShellScriptBuildPhase section */

/* Begin PBXSourcesBuildPhase section */
		9C39C92F2065794B0036BD9E /* Sources */ = {
			isa = PBXSourcesBuildPhase;
			buildActionMask = 2147483647;
			files = (
				9C4B74902069B90100CC28C1 /* ECTArchiveWeather.m in Sources */,
				9C4B748420680D4400CC28C1 /* ECTWeeklyForecastCell.m in Sources */,
				9C4B7426206798B300CC28C1 /* ECTWeeklyForecastTVC.m in Sources */,
				9C4B743620679C1500CC28C1 /* ECTReachabilityManager.m in Sources */,
				9CDF4EF8206ACEC8008887DB /* ECTDailyForecastTVC.m in Sources */,
				9C4B74662067B22700CC28C1 /* ECTForecastData.m in Sources */,
				9C39C9422065794B0036BD9E /* main.m in Sources */,
				9C4B74532067A3FB00CC28C1 /* ECTAppConstants.m in Sources */,
				9CDF4EF1206ACD02008887DB /* ECTDailyForecastCell.m in Sources */,
				9C4B74602067B1B600CC28C1 /* ECTWeather.m in Sources */,
				9C4B745A2067A74400CC28C1 /* ECTForecasterStore.m in Sources */,
				9C39C9382065794B0036BD9E /* AppDelegate.m in Sources */,
				9C4B74502067A28000CC28C1 /* ECTHTTPClientManager.m in Sources */,
				9C4B746C2067ECAB00CC28C1 /* ECTForecast.m in Sources */,
				9C4B742E20679BA000CC28C1 /* Reachability.m in Sources */,
				9C4B74562067A40900CC28C1 /* ECTUtilityMethods.m in Sources */,
				9C4B74932069BAA900CC28C1 /* ECTWeatherArchiveStore.m in Sources */,
			);
			runOnlyForDeploymentPostprocessing = 0;
		};
/* End PBXSourcesBuildPhase section */

/* Begin PBXVariantGroup section */
		9C39C93D2065794B0036BD9E /* LaunchScreen.storyboard */ = {
			isa = PBXVariantGroup;
			children = (
				9C39C93E2065794B0036BD9E /* Base */,
			);
			name = LaunchScreen.storyboard;
			sourceTree = "<group>";
		};
/* End PBXVariantGroup section */

/* Begin XCBuildConfiguration section */
		9C39C9432065794B0036BD9E /* Debug */ = {
			isa = XCBuildConfiguration;
			buildSettings = {
				ALWAYS_SEARCH_USER_PATHS = NO;
				CLANG_ANALYZER_NONNULL = YES;
				CLANG_ANALYZER_NUMBER_OBJECT_CONVERSION = YES_AGGRESSIVE;
				CLANG_CXX_LANGUAGE_STANDARD = "gnu++14";
				CLANG_CXX_LIBRARY = "libc++";
				CLANG_ENABLE_MODULES = YES;
				CLANG_ENABLE_OBJC_ARC = YES;
				CLANG_WARN_BLOCK_CAPTURE_AUTORELEASING = YES;
				CLANG_WARN_BOOL_CONVERSION = YES;
				CLANG_WARN_COMMA = YES;
				CLANG_WARN_CONSTANT_CONVERSION = YES;
				CLANG_WARN_DIRECT_OBJC_ISA_USAGE = YES_ERROR;
				CLANG_WARN_DOCUMENTATION_COMMENTS = YES;
				CLANG_WARN_EMPTY_BODY = YES;
				CLANG_WARN_ENUM_CONVERSION = YES;
				CLANG_WARN_INFINITE_RECURSION = YES;
				CLANG_WARN_INT_CONVERSION = YES;
				CLANG_WARN_NON_LITERAL_NULL_CONVERSION = YES;
				CLANG_WARN_OBJC_LITERAL_CONVERSION = YES;
				CLANG_WARN_OBJC_ROOT_CLASS = YES_ERROR;
				CLANG_WARN_RANGE_LOOP_ANALYSIS = YES;
				CLANG_WARN_STRICT_PROTOTYPES = YES;
				CLANG_WARN_SUSPICIOUS_MOVE = YES;
				CLANG_WARN_UNGUARDED_AVAILABILITY = YES_AGGRESSIVE;
				CLANG_WARN_UNREACHABLE_CODE = YES;
				CLANG_WARN__DUPLICATE_METHOD_MATCH = YES;
				CODE_SIGN_IDENTITY = "iPhone Developer";
				COPY_PHASE_STRIP = NO;
				DEBUG_INFORMATION_FORMAT = dwarf;
				ENABLE_STRICT_OBJC_MSGSEND = YES;
				ENABLE_TESTABILITY = YES;
				GCC_C_LANGUAGE_STANDARD = gnu11;
				GCC_DYNAMIC_NO_PIC = NO;
				GCC_NO_COMMON_BLOCKS = YES;
				GCC_OPTIMIZATION_LEVEL = 0;
				GCC_PREPROCESSOR_DEFINITIONS = (
					"DEBUG=1",
					"$(inherited)",
				);
				GCC_WARN_64_TO_32_BIT_CONVERSION = YES;
				GCC_WARN_ABOUT_RETURN_TYPE = YES_ERROR;
				GCC_WARN_UNDECLARED_SELECTOR = YES;
				GCC_WARN_UNINITIALIZED_AUTOS = YES_AGGRESSIVE;
				GCC_WARN_UNUSED_FUNCTION = YES;
				GCC_WARN_UNUSED_VARIABLE = YES;
				IPHONEOS_DEPLOYMENT_TARGET = 11.2;
				MTL_ENABLE_DEBUG_INFO = YES;
				ONLY_ACTIVE_ARCH = YES;
				SDKROOT = iphoneos;
			};
			name = Debug;
		};
		9C39C9442065794B0036BD9E /* Release */ = {
			isa = XCBuildConfiguration;
			buildSettings = {
				ALWAYS_SEARCH_USER_PATHS = NO;
				CLANG_ANALYZER_NONNULL = YES;
				CLANG_ANALYZER_NUMBER_OBJECT_CONVERSION = YES_AGGRESSIVE;
				CLANG_CXX_LANGUAGE_STANDARD = "gnu++14";
				CLANG_CXX_LIBRARY = "libc++";
				CLANG_ENABLE_MODULES = YES;
				CLANG_ENABLE_OBJC_ARC = YES;
				CLANG_WARN_BLOCK_CAPTURE_AUTORELEASING = YES;
				CLANG_WARN_BOOL_CONVERSION = YES;
				CLANG_WARN_COMMA = YES;
				CLANG_WARN_CONSTANT_CONVERSION = YES;
				CLANG_WARN_DIRECT_OBJC_ISA_USAGE = YES_ERROR;
				CLANG_WARN_DOCUMENTATION_COMMENTS = YES;
				CLANG_WARN_EMPTY_BODY = YES;
				CLANG_WARN_ENUM_CONVERSION = YES;
				CLANG_WARN_INFINITE_RECURSION = YES;
				CLANG_WARN_INT_CONVERSION = YES;
				CLANG_WARN_NON_LITERAL_NULL_CONVERSION = YES;
				CLANG_WARN_OBJC_LITERAL_CONVERSION = YES;
				CLANG_WARN_OBJC_ROOT_CLASS = YES_ERROR;
				CLANG_WARN_RANGE_LOOP_ANALYSIS = YES;
				CLANG_WARN_STRICT_PROTOTYPES = YES;
				CLANG_WARN_SUSPICIOUS_MOVE = YES;
				CLANG_WARN_UNGUARDED_AVAILABILITY = YES_AGGRESSIVE;
				CLANG_WARN_UNREACHABLE_CODE = YES;
				CLANG_WARN__DUPLICATE_METHOD_MATCH = YES;
				CODE_SIGN_IDENTITY = "iPhone Developer";
				COPY_PHASE_STRIP = NO;
				DEBUG_INFORMATION_FORMAT = "dwarf-with-dsym";
				ENABLE_NS_ASSERTIONS = NO;
				ENABLE_STRICT_OBJC_MSGSEND = YES;
				GCC_C_LANGUAGE_STANDARD = gnu11;
				GCC_NO_COMMON_BLOCKS = YES;
				GCC_WARN_64_TO_32_BIT_CONVERSION = YES;
				GCC_WARN_ABOUT_RETURN_TYPE = YES_ERROR;
				GCC_WARN_UNDECLARED_SELECTOR = YES;
				GCC_WARN_UNINITIALIZED_AUTOS = YES_AGGRESSIVE;
				GCC_WARN_UNUSED_FUNCTION = YES;
				GCC_WARN_UNUSED_VARIABLE = YES;
				IPHONEOS_DEPLOYMENT_TARGET = 11.2;
				MTL_ENABLE_DEBUG_INFO = NO;
				SDKROOT = iphoneos;
				VALIDATE_PRODUCT = YES;
			};
			name = Release;
		};
		9C39C9462065794B0036BD9E /* Debug */ = {
			isa = XCBuildConfiguration;
			baseConfigurationReference = 6FB98A3D77FDDFB393E522BF /* Pods-WeatherForecaster.debug.xcconfig */;
			buildSettings = {
				ASSETCATALOG_COMPILER_APPICON_NAME = AppIcon;
				CODE_SIGN_ENTITLEMENTS = WeatherForecaster/WeatherForecaster.entitlements;
				"CODE_SIGN_IDENTITY[sdk=iphoneos*]" = "iPhone Developer";
				CODE_SIGN_STYLE = Automatic;
				DEVELOPMENT_TEAM = Q8FS79D8K5;
				INFOPLIST_FILE = WeatherForecaster/Info.plist;
				LD_RUNPATH_SEARCH_PATHS = "$(inherited) @executable_path/Frameworks";
				PRODUCT_BUNDLE_IDENTIFIER = danieleferemo.WeatherForecaster;
				PRODUCT_NAME = "$(TARGET_NAME)";
				PROVISIONING_PROFILE_SPECIFIER = "";
				TARGETED_DEVICE_FAMILY = "1,2";
			};
			name = Debug;
		};
		9C39C9472065794B0036BD9E /* Release */ = {
			isa = XCBuildConfiguration;
			baseConfigurationReference = 34227352BA40A5B7256770E1 /* Pods-WeatherForecaster.release.xcconfig */;
			buildSettings = {
				ASSETCATALOG_COMPILER_APPICON_NAME = AppIcon;
				CODE_SIGN_ENTITLEMENTS = WeatherForecaster/WeatherForecaster.entitlements;
				"CODE_SIGN_IDENTITY[sdk=iphoneos*]" = "iPhone Developer";
				CODE_SIGN_STYLE = Automatic;
				DEVELOPMENT_TEAM = Q8FS79D8K5;
				INFOPLIST_FILE = WeatherForecaster/Info.plist;
				LD_RUNPATH_SEARCH_PATHS = "$(inherited) @executable_path/Frameworks";
				PRODUCT_BUNDLE_IDENTIFIER = danieleferemo.WeatherForecaster;
				PRODUCT_NAME = "$(TARGET_NAME)";
				PROVISIONING_PROFILE_SPECIFIER = "";
				TARGETED_DEVICE_FAMILY = "1,2";
			};
			name = Release;
		};
/* End XCBuildConfiguration section */

/* Begin XCConfigurationList section */
		9C39C92E2065794B0036BD9E /* Build configuration list for PBXProject "WeatherForecaster" */ = {
			isa = XCConfigurationList;
			buildConfigurations = (
				9C39C9432065794B0036BD9E /* Debug */,
				9C39C9442065794B0036BD9E /* Release */,
			);
			defaultConfigurationIsVisible = 0;
			defaultConfigurationName = Release;
		};
		9C39C9452065794B0036BD9E /* Build configuration list for PBXNativeTarget "WeatherForecaster" */ = {
			isa = XCConfigurationList;
			buildConfigurations = (
				9C39C9462065794B0036BD9E /* Debug */,
				9C39C9472065794B0036BD9E /* Release */,
			);
			defaultConfigurationIsVisible = 0;
			defaultConfigurationName = Release;
		};
/* End XCConfigurationList section */
	};
	rootObject = 9C39C92B2065794B0036BD9E /* Project object */;
}
